
Microsoft Visual Studio Solution File, Format Version 12.00
# Visual Studio Version 17
VisualStudioVersion = 17.10.35027.167
MinimumVisualStudioVersion = 10.0.40219.1
Project("{FAE04EC0-301F-11D3-BF4B-00C04F79EFBC}") = "ConsoleApp2", "ConsoleApp2.csproj", "{84C1753F-CDEA-418B-A6C7-3D07EBF5EB11}"
EndProject
Global
	GlobalSection(SolutionConfigurationPlatforms) = preSolution
		Debug|Any CPU = Debug|Any CPU
		Release|Any CPU = Release|Any CPU
	EndGlobalSection
	GlobalSection(ProjectConfigurationPlatforms) = postSolution
		{84C1753F-CDEA-418B-A6C7-3D07EBF5EB11}.Debug|Any CPU.ActiveCfg = Debug|Any CPU
		{84C1753F-CDEA-418B-A6C7-3D07EBF5EB11}.Debug|Any CPU.Build.0 = Debug|Any CPU
		{84C1753F-CDEA-418B-A6C7-3D07EBF5EB11}.Release|Any CPU.ActiveCfg = Release|Any CPU
		{84C1753F-CDEA-418B-A6C7-3D07EBF5EB11}.Release|Any CPU.Build.0 = Release|Any CPU
	EndGlobalSection
	GlobalSection(SolutionProperties) = preSolution
		HideSolutionNode = FALSE
	EndGlobalSection
	GlobalSection(ExtensibilityGlobals) = postSolution
		SolutionGuid = {FA85FA1E-09E7-4A97-927C-EEED246A5CAF}
	EndGlobalSection
EndGlobal
